# This file is automatically @generated by Poetry 1.5.1 and should not be changed by hand.

[[package]]
name = "wordlist"
version = "1.0.1"
description = "Wordlist generator, creates dictionaries of words"
optional = false
python-versions = "*"
files = [
    {file = "wordlist-1.0.1.tar.gz", hash = "sha256:c1c6383943da8aed9273c2c6523573d47f1c7248df878d0c2ef7a6d658a33215"},
]

[metadata]
lock-version = "2.0"
python-versions = ">=3.10.0,<3.11"
content-hash = "2f10c6eec2b21a6fd3461cc7d096f2b74a5038faf370e111fc3e73b3e48852ec"
